
Microsoft Visual Studio Solution File, Format Version 12.00
# Visual Studio 15
Project("{FAE04EC0-301F-11D3-BF4B-00C04F79EFBC}") = "TaleGame_HoldemPoker.Plugins", "TaleGame_HoldemPoker.Plugins.csproj", "{04CE9835-491E-1458-C8C5-C5A2FB1B8443}"
EndProject
Project("{FAE04EC0-301F-11D3-BF4B-00C04F79EFBC}") = "TaleGame_HoldemPoker", "TaleGame_HoldemPoker.csproj", "{3E28990C-8FBE-7950-CC3F-430FB1FE5F3A}"
EndProject
Global
	GlobalSection(SolutionConfigurationPlatforms) = preSolution
		Debug|Any CPU = Debug|Any CPU
		Release|Any CPU = Release|Any CPU
	EndGlobalSection
	GlobalSection(ProjectConfigurationPlatforms) = postSolution
		{04CE9835-491E-1458-C8C5-C5A2FB1B8443}.Debug|Any CPU.ActiveCfg = Debug|Any CPU
		{04CE9835-491E-1458-C8C5-C5A2FB1B8443}.Debug|Any CPU.Build.0 = Debug|Any CPU
		{04CE9835-491E-1458-C8C5-C5A2FB1B8443}.Release|Any CPU.ActiveCfg = Release|Any CPU
		{04CE9835-491E-1458-C8C5-C5A2FB1B8443}.Release|Any CPU.Build.0 = Release|Any CPU
		{3E28990C-8FBE-7950-CC3F-430FB1FE5F3A}.Debug|Any CPU.ActiveCfg = Debug|Any CPU
		{3E28990C-8FBE-7950-CC3F-430FB1FE5F3A}.Debug|Any CPU.Build.0 = Debug|Any CPU
		{3E28990C-8FBE-7950-CC3F-430FB1FE5F3A}.Release|Any CPU.ActiveCfg = Release|Any CPU
		{3E28990C-8FBE-7950-CC3F-430FB1FE5F3A}.Release|Any CPU.Build.0 = Release|Any CPU
	EndGlobalSection
	GlobalSection(SolutionProperties) = preSolution
		HideSolutionNode = FALSE
	EndGlobalSection
EndGlobal
